<?xml version="1.0" encoding="utf-8"?>
<Project ToolsVersion="4.0" xmlns="http://schemas.microsoft.com/developer/msbuild/2003">
  <ItemGroup>
    <Filter Include="Source Files">
      <UniqueIdentifier>{4FC737F1-C7A5-4376-A066-2A32D752A2FF}</UniqueIdentifier>
      <Extensions>cpp;c;cc;cxx;def;odl;idl;hpj;bat;asm;asmx</Extensions>
    </Filter>
    <Filter Include="Header Files">
      <UniqueIdentifier>{93995380-89BD-4b04-88EB-625FBE52EBFB}</UniqueIdentifier>
      <Extensions>h;hh;hpp;hxx;hm;inl;inc;ipp;xsd</Extensions>
    </Filter>
    <Filter Include="Resource Files">
      <UniqueIdentifier>{67DA6AB6-F800-4c08-8B7A-83BB121AAD01}</UniqueIdentifier>
      <Extensions>rc;ico;cur;bmp;dlg;rc2;rct;bin;rgs;gif;jpg;jpeg;jpe;resx;tiff;tif;png;wav;mfcribbon-ms</Extensions>
    </Filter>
  </ItemGroup>
  <ItemGroup>
    <ClInclude Include="pch.h">
      <Filter>Header Files</Filter>
    </ClInclude>
    <ClInclude Include="AstBuilder.h">
      <Filter>Header Files</Filter>
    </ClInclude>
    <ClInclude Include="AstVisitor.h">
      <Filter>Header Files</Filter>
    </ClInclude>
    <ClInclude Include="CaseInsensitiveStream.h">
      <Filter>Header Files</Filter>
    </ClInclude>
    <ClInclude Include="CentSqlBaseListener.h">
      <Filter>Header Files</Filter>
    </ClInclude>
    <ClInclude Include="CentSqlBaseVisitor.h">
      <Filter>Header Files</Filter>
    </ClInclude>
    <ClInclude Include="CentSqlLexer.h">
      <Filter>Header Files</Filter>
    </ClInclude>
    <ClInclude Include="CentSqlListener.h">
      <Filter>Header Files</Filter>
    </ClInclude>
    <ClInclude Include="CentSqlParser.h">
      <Filter>Header Files</Filter>
    </ClInclude>
    <ClInclude Include="CentSqlVisitor.h">
      <Filter>Header Files</Filter>
    </ClInclude>
    <ClInclude Include="Expression.h">
      <Filter>Header Files</Filter>
    </ClInclude>
    <ClInclude Include="Node.h">
      <Filter>Header Files</Filter>
    </ClInclude>
    <ClInclude Include="NodeLocation.h">
      <Filter>Header Files</Filter>
    </ClInclude>
    <ClInclude Include="ParsingOptions.h">
      <Filter>Header Files</Filter>
    </ClInclude>
    <ClInclude Include="SelectItem.h">
      <Filter>Header Files</Filter>
    </ClInclude>
    <ClInclude Include="SingleColumn.h">
      <Filter>Header Files</Filter>
    </ClInclude>
    <ClInclude Include="Identifier.h">
      <Filter>Header Files</Filter>
    </ClInclude>
    <ClInclude Include="AllColumns.h">
      <Filter>Header Files</Filter>
    </ClInclude>
    <ClInclude Include="QualifiedName.h">
      <Filter>Header Files</Filter>
    </ClInclude>
    <ClInclude Include="Relation.h">
      <Filter>Header Files</Filter>
    </ClInclude>
    <ClInclude Include="QueryBody.h">
      <Filter>Header Files</Filter>
    </ClInclude>
    <ClInclude Include="Table.h">
      <Filter>Header Files</Filter>
    </ClInclude>
    <ClInclude Include="Utils.h">
      <Filter>Header Files</Filter>
    </ClInclude>
    <ClInclude Include="DereferenceExpression.h">
      <Filter>Header Files</Filter>
    </ClInclude>
    <ClInclude Include="Statement.h">
      <Filter>Header Files</Filter>
    </ClInclude>
    <ClInclude Include="Query.h">
      <Filter>Header Files</Filter>
    </ClInclude>
    <ClInclude Include="WithQuery.h">
      <Filter>Header Files</Filter>
    </ClInclude>
    <ClInclude Include="With.h">
      <Filter>Header Files</Filter>
    </ClInclude>
    <ClInclude Include="OrderBy.h">
      <Filter>Header Files</Filter>
    </ClInclude>
    <ClInclude Include="SortItem.h">
      <Filter>Header Files</Filter>
    </ClInclude>
    <ClInclude Include="QuerySpecification.h">
      <Filter>Header Files</Filter>
    </ClInclude>
    <ClInclude Include="Select.h">
      <Filter>Header Files</Filter>
    </ClInclude>
    <ClInclude Include="GroupBy.h">
      <Filter>Header Files</Filter>
    </ClInclude>
    <ClInclude Include="GroupingElement.h">
      <Filter>Header Files</Filter>
    </ClInclude>
    <ClInclude Include="Join.h">
      <Filter>Header Files</Filter>
    </ClInclude>
    <ClInclude Include="JoinCriteria.h">
      <Filter>Header Files</Filter>
    </ClInclude>
    <ClInclude Include="SimpleGroupBy.h">
      <Filter>Header Files</Filter>
    </ClInclude>
    <ClInclude Include="Literal.h">
      <Filter>Header Files</Filter>
    </ClInclude>
    <ClInclude Include="LongLiteral.h">
      <Filter>Header Files</Filter>
    </ClInclude>
    <ClInclude Include="LogicalBinaryExpression.h">
      <Filter>Header Files</Filter>
    </ClInclude>
    <ClInclude Include="ComparisonExpression.h">
      <Filter>Header Files</Filter>
    </ClInclude>
    <ClInclude Include="DoubleLiteral.h">
      <Filter>Header Files</Filter>
    </ClInclude>
    <ClInclude Include="DecimalLiteral.h">
      <Filter>Header Files</Filter>
    </ClInclude>
    <ClInclude Include="ParsingException.h">
      <Filter>Header Files</Filter>
    </ClInclude>
    <ClInclude Include="AliasedRelation.h">
      <Filter>Header Files</Filter>
    </ClInclude>
    <ClInclude Include="StringLiteral.h">
      <Filter>Header Files</Filter>
    </ClInclude>
    <ClInclude Include="NotExpression.h">
      <Filter>Header Files</Filter>
    </ClInclude>
    <ClInclude Include="GroupingOperation.h">
      <Filter>Header Files</Filter>
    </ClInclude>
    <ClInclude Include="IsNullPredicate.h">
      <Filter>Header Files</Filter>
    </ClInclude>
    <ClInclude Include="IsNotNullPredicate.h">
      <Filter>Header Files</Filter>
    </ClInclude>
    <ClInclude Include="DefaultTraversalVisitor.h">
      <Filter>Header Files</Filter>
    </ClInclude>
    <ClInclude Include="ArithmeticBinaryExpression.h">
      <Filter>Header Files</Filter>
    </ClInclude>
    <ClInclude Include="ArithmeticUnaryExpression.h">
      <Filter>Header Files</Filter>
    </ClInclude>
    <ClInclude Include="SubqueryExpression.h">
      <Filter>Header Files</Filter>
    </ClInclude>
    <ClInclude Include="NaturalJoin.h">
      <Filter>Header Files</Filter>
    </ClInclude>
    <ClInclude Include="JoinOn.h">
      <Filter>Header Files</Filter>
    </ClInclude>
    <ClInclude Include="JoinUsing.h">
      <Filter>Header Files</Filter>
    </ClInclude>
    <ClInclude Include="ShowStats.h">
      <Filter>Header Files</Filter>
    </ClInclude>
    <ClInclude Include="InListExpression.h">
      <Filter>Header Files</Filter>
    </ClInclude>
    <ClInclude Include="InPredicate.h">
      <Filter>Header Files</Filter>
    </ClInclude>
  </ItemGroup>
  <ItemGroup>
    <ClCompile Include="AstBuilder.cpp">
      <Filter>Source Files</Filter>
    </ClCompile>
    <ClCompile Include="CaseInsensitiveStream.cpp">
      <Filter>Source Files</Filter>
    </ClCompile>
    <ClCompile Include="CentSqlBaseListener.cpp">
      <Filter>Source Files</Filter>
    </ClCompile>
    <ClCompile Include="CentSqlBaseVisitor.cpp">
      <Filter>Source Files</Filter>
    </ClCompile>
    <ClCompile Include="CentSqlLexer.cpp">
      <Filter>Source Files</Filter>
    </ClCompile>
    <ClCompile Include="CentSqlListener.cpp">
      <Filter>Source Files</Filter>
    </ClCompile>
    <ClCompile Include="CentSqlParser.cpp">
      <Filter>Source Files</Filter>
    </ClCompile>
    <ClCompile Include="CentSqlVisitor.cpp">
      <Filter>Source Files</Filter>
    </ClCompile>
    <ClCompile Include="main.cpp">
      <Filter>Source Files</Filter>
    </ClCompile>
    <ClCompile Include="Node.cpp">
      <Filter>Source Files</Filter>
    </ClCompile>
    <ClCompile Include="ComparisonExpression.cpp">
      <Filter>Source Files</Filter>
    </ClCompile>
    <ClCompile Include="WithQuery.cpp">
      <Filter>Source Files</Filter>
    </ClCompile>
    <ClCompile Include="ArithmeticBinaryExpression.cpp">
      <Filter>Source Files</Filter>
    </ClCompile>
  </ItemGroup>
</Project>